version = 1
revision = 3
requires-python = ">=3.14"

[[package]]
name = "anyio"
version = "4.14.2"
source = { registry = "https://pypi.org/simple" }
dependencies = [
    { name = "idna" },
]
sdist = { url = "https://files.pythonhosted.org/packages/61/cc/a381afa6efea9f496eff839d4a6a1aed3bfafc7b3ab4b0d1b243a12573dd/anyio-4.14.2.tar.gz", hash = "sha256:cfa139f3ed1a23ee8f88a145ddb5ac7605b8bbfd8592baacd7ce3d8bb4313c7f", size = 260176, upload-time = "2026-07-12T20:29:07.082Z" }
wheels = [
    { url = "https://files.pythonhosted.org/packages/da/35/f2287558c17e29fafc8ef3daf819bb9834061cfa43bff8014f7df7f63bdc/anyio-4.14.2-py3-none-any.whl", hash = "sha256:9f505dda5ac9f0c8309b5e8bd445a8c2bf7246f3ce950121e45ea15bc41d1494", size = 125813, upload-time = "2026-07-12T20:29:05.763Z" },
]

[[package]]
name = "asgiref"
version = "3.12.1"
source = { registry = "https://pypi.org/simple" }
sdist = { url = "https://files.pythonhosted.org/packages/e6/26/3b59f2bdae5f640389becb1f673cded775287f5fc4f816309d9ca9a3f93d/asgiref-3.12.1.tar.gz", hash = "sha256:59dcb51c272ad209d59bed5708a64a333083e86017d7fcdd67498eeab7784340", size = 42378, upload-time = "2026-07-14T09:56:18.087Z" }
wheels = [
    { url = "https://files.pythonhosted.org/packages/c0/1b/54f4ad77cd8a584fa70746c47df988e002cf1ee1eba43364d46f87803647/asgiref-3.12.1-py3-none-any.whl", hash = "sha256:fe386d1c2bff7259ea95929266d12a8cf9a8b5a1c2598402967d8792e7a7c094", size = 25478, upload-time = "2026-07-14T09:56:16.926Z" },
]

[[package]]
name = "colorama"
version = "0.4.6"
source = { registry = "https://pypi.org/simple" }
sdist = { url = "https://files.pythonhosted.org/packages/d8/53/6f443c9a4a8358a93a6792e2acffb9d9d5cb0a5cfd8802644b7b1c9a02e4/colorama-0.4.6.tar.gz", hash = "sha256:08695f5cb7ed6e0531a20572697297273c47b8cae5a63ffc6d6ed5c201be6e44", size = 27697, upload-time = "2022-10-25T02:36:22.414Z" }
wheels = [
    { url = "https://files.pythonhosted.org/packages/d1/d6/3965ed04c63042e047cb6a3e6ed1a63a35087b6a609aa3a15ed8ac56c221/colorama-0.4.6-py2.py3-none-any.whl", hash = "sha256:4f1d9991f5acc0ca119f9d443620b77f9d6b33703e51011c16baf57afb285fc6", size = 25335, upload-time = "2022-10-25T02:36:20.889Z" },
]

[[package]]
name = "django"
version = "6.0.7"
source = { registry = "https://pypi.org/simple" }
dependencies = [
    { name = "asgiref" },
    { name = "sqlparse" },
    { name = "tzdata", marker = "sys_platform == 'win32'" },
]
sdist = { url = "https://files.pythonhosted.org/packages/89/55/664f24ff81c9ea19cb7dfc851afeae1f3c2390c7aee01d4ded68b5c1580d/django-6.0.7.tar.gz", hash = "sha256:2998503fc083124fb58037084bfa00de323c7c743f05f1b4284e77bff0ab8890", size = 10921299, upload-time = "2026-07-07T13:51:26.485Z" }
wheels = [
    { url = "https://files.pythonhosted.org/packages/ba/ec/1ce5334b6a2c52ce619c23a0be8d366a57a0e080ebb2d88266e5c849157c/django-6.0.7-py3-none-any.whl", hash = "sha256:a037427c2288443a8c02a1b02295a31c239663aa682bc50b1976afb7cf6a769e", size = 8373344, upload-time = "2026-07-07T13:51:20.007Z" },
]

[[package]]
name = "idna"
version = "3.18"
source = { registry = "https://pypi.org/simple" }
sdist = { url = "https://files.pythonhosted.org/packages/cd/63/9496c57188a2ee585e0f1db071d75089a11e98aa86eb99d9d7618fc1edce/idna-3.18.tar.gz", hash = "sha256:ffb385a7e039654cef1ab9ef32c6fafe283c0c0467bba1d9029738ce4a14a848", size = 196711, upload-time = "2026-06-02T14:34:07.794Z" }
wheels = [
    { url = "https://files.pythonhosted.org/packages/1e/5e/d4e9f1a599fb8e573b7b87160658329fbf28d19eac2718f51fc3def3aa5a/idna-3.18-py3-none-any.whl", hash = "sha256:7f952cbe720b688055e3f87de14f5c3e5fdaa8bc3928985c4077ca689de849a2", size = 65455, upload-time = "2026-06-02T14:34:06.319Z" },
]

[[package]]
name = "jssg"
version = "0.1.0"
source = { editable = "." }
dependencies = [
    { name = "django" },
    { name = "markdown" },
    { name = "python-frontmatter" },
    { name = "tqdm" },
    { name = "watchfiles" },
]

[package.metadata]
requires-dist = [
    { name = "django", specifier = ">=6.0.7" },
    { name = "markdown", specifier = ">=3.10.2" },
    { name = "python-frontmatter", specifier = ">=1.3.0" },
    { name = "tqdm", specifier = ">=4.70.0" },
    { name = "watchfiles", specifier = ">=1.2.0" },
]

[[package]]
name = "markdown"
version = "3.10.2"
source = { registry = "https://pypi.org/simple" }
sdist = { url = "https://files.pythonhosted.org/packages/2b/f4/69fa6ed85ae003c2378ffa8f6d2e3234662abd02c10d216c0ba96081a238/markdown-3.10.2.tar.gz", hash = "sha256:994d51325d25ad8aa7ce4ebaec003febcce822c3f8c911e3b17c52f7f589f950", size = 368805, upload-time = "2026-02-09T14:57:26.942Z" }
wheels = [
    { url = "https://files.pythonhosted.org/packages/de/1f/77fa3081e4f66ca3576c896ae5d31c3002ac6607f9747d2e3aa49227e464/markdown-3.10.2-py3-none-any.whl", hash = "sha256:e91464b71ae3ee7afd3017d9f358ef0baf158fd9a298db92f1d4761133824c36", size = 108180, upload-time = "2026-02-09T14:57:25.787Z" },
]

[[package]]
name = "python-frontmatter"
version = "1.3.0"
source = { registry = "https://pypi.org/simple" }
dependencies = [
    { name = "pyyaml" },
]
sdist = { url = "https://files.pythonhosted.org/packages/9d/e8/79cbe69864d44f3b48e70ebee0a872a7d5a4e7150c9f8577ed7a5beefff0/python_frontmatter-1.3.0.tar.gz", hash = "sha256:acc73e477a568dc2a25c9e130c6c68ae8daa8c204c8f7e813db47d6a7280dcf2", size = 8322, upload-time = "2026-05-20T19:21:44.164Z" }
wheels = [
    { url = "https://files.pythonhosted.org/packages/a6/a3/17c284b4f4d8ad50f0f9ba70ad8fcc35c777aeafcdbbffdd91bbdc5ab379/python_frontmatter-1.3.0-py3-none-any.whl", hash = "sha256:9f7dd9260bec99044219159a329f64f039087f9d1a2124c9442556f2fe6f82ec", size = 10562, upload-time = "2026-05-20T19:21:43.323Z" },
]

[[package]]
name = "pyyaml"
version = "6.0.3"
source = { registry = "https://pypi.org/simple" }
sdist = { url = "https://files.pythonhosted.org/packages/05/8e/961c0007c59b8dd7729d542c61a4d537767a59645b82a0b521206e1e25c2/pyyaml-6.0.3.tar.gz", hash = "sha256:d76623373421df22fb4cf8817020cbb7ef15c725b9d5e45f17e189bfc384190f", size = 130960, upload-time = "2025-09-25T21:33:16.546Z" }
wheels = [
    { url = "https://files.pythonhosted.org/packages/9d/8c/f4bd7f6465179953d3ac9bc44ac1a8a3e6122cf8ada906b4f96c60172d43/pyyaml-6.0.3-cp314-cp314-macosx_10_13_x86_64.whl", hash = "sha256:8d1fab6bb153a416f9aeb4b8763bc0f22a5586065f86f7664fc23339fc1c1fac", size = 181814, upload-time = "2025-09-25T21:32:35.712Z" },
    { url = "https://files.pythonhosted.org/packages/bd/9c/4d95bb87eb2063d20db7b60faa3840c1b18025517ae857371c4dd55a6b3a/pyyaml-6.0.3-cp314-cp314-macosx_11_0_arm64.whl", hash = "sha256:34d5fcd24b8445fadc33f9cf348c1047101756fd760b4dacb5c3e99755703310", size = 173809, upload-time = "2025-09-25T21:32:36.789Z" },
    { url = "https://files.pythonhosted.org/packages/92/b5/47e807c2623074914e29dabd16cbbdd4bf5e9b2db9f8090fa64411fc5382/pyyaml-6.0.3-cp314-cp314-manylinux2014_aarch64.manylinux_2_17_aarch64.manylinux_2_28_aarch64.whl", hash = "sha256:501a031947e3a9025ed4405a168e6ef5ae3126c59f90ce0cd6f2bfc477be31b7", size = 766454, upload-time = "2025-09-25T21:32:37.966Z" },
    { url = "https://files.pythonhosted.org/packages/02/9e/e5e9b168be58564121efb3de6859c452fccde0ab093d8438905899a3a483/pyyaml-6.0.3-cp314-cp314-manylinux2014_s390x.manylinux_2_17_s390x.manylinux_2_28_s390x.whl", hash = "sha256:b3bc83488de33889877a0f2543ade9f70c67d66d9ebb4ac959502e12de895788", size = 836355, upload-time = "2025-09-25T21:32:39.178Z" },
    { url = "https://files.pythonhosted.org/packages/88/f9/16491d7ed2a919954993e48aa941b200f38040928474c9e85ea9e64222c3/pyyaml-6.0.3-cp314-cp314-manylinux2014_x86_64.manylinux_2_17_x86_64.manylinux_2_28_x86_64.whl", hash = "sha256:c458b6d084f9b935061bc36216e8a69a7e293a2f1e68bf956dcd9e6cbcd143f5", size = 794175, upload-time = "2025-09-25T21:32:40.865Z" },
    { url = "https://files.pythonhosted.org/packages/dd/3f/5989debef34dc6397317802b527dbbafb2b4760878a53d4166579111411e/pyyaml-6.0.3-cp314-cp314-musllinux_1_2_aarch64.whl", hash = "sha256:7c6610def4f163542a622a73fb39f534f8c101d690126992300bf3207eab9764", size = 755228, upload-time = "2025-09-25T21:32:42.084Z" },
    { url = "https://files.pythonhosted.org/packages/d7/ce/af88a49043cd2e265be63d083fc75b27b6ed062f5f9fd6cdc223ad62f03e/pyyaml-6.0.3-cp314-cp314-musllinux_1_2_x86_64.whl", hash = "sha256:5190d403f121660ce8d1d2c1bb2ef1bd05b5f68533fc5c2ea899bd15f4399b35", size = 789194, upload-time = "2025-09-25T21:32:43.362Z" },
    { url = "https://files.pythonhosted.org/packages/23/20/bb6982b26a40bb43951265ba29d4c246ef0ff59c9fdcdf0ed04e0687de4d/pyyaml-6.0.3-cp314-cp314-win_amd64.whl", hash = "sha256:4a2e8cebe2ff6ab7d1050ecd59c25d4c8bd7e6f400f5f82b96557ac0abafd0ac", size = 156429, upload-time = "2025-09-25T21:32:57.844Z" },
    { url = "https://files.pythonhosted.org/packages/f4/f4/a4541072bb9422c8a883ab55255f918fa378ecf083f5b85e87fc2b4eda1b/pyyaml-6.0.3-cp314-cp314-win_arm64.whl", hash = "sha256:93dda82c9c22deb0a405ea4dc5f2d0cda384168e466364dec6255b293923b2f3", size = 143912, upload-time = "2025-09-25T21:32:59.247Z" },
    { url = "https://files.pythonhosted.org/packages/7c/f9/07dd09ae774e4616edf6cda684ee78f97777bdd15847253637a6f052a62f/pyyaml-6.0.3-cp314-cp314t-macosx_10_13_x86_64.whl", hash = "sha256:02893d100e99e03eda1c8fd5c441d8c60103fd175728e23e431db1b589cf5ab3", size = 189108, upload-time = "2025-09-25T21:32:44.377Z" },
    { url = "https://files.pythonhosted.org/packages/4e/78/8d08c9fb7ce09ad8c38ad533c1191cf27f7ae1effe5bb9400a46d9437fcf/pyyaml-6.0.3-cp314-cp314t-macosx_11_0_arm64.whl", hash = "sha256:c1ff362665ae507275af2853520967820d9124984e0f7466736aea23d8611fba", size = 183641, upload-time = "2025-09-25T21:32:45.407Z" },
    { url = "https://files.pythonhosted.org/packages/7b/5b/3babb19104a46945cf816d047db2788bcaf8c94527a805610b0289a01c6b/pyyaml-6.0.3-cp314-cp314t-manylinux2014_aarch64.manylinux_2_17_aarch64.manylinux_2_28_aarch64.whl", hash = "sha256:6adc77889b628398debc7b65c073bcb99c4a0237b248cacaf3fe8a557563ef6c", size = 831901, upload-time = "2025-09-25T21:32:48.83Z" },
    { url = "https://files.pythonhosted.org/packages/8b/cc/dff0684d8dc44da4d22a13f35f073d558c268780ce3c6ba1b87055bb0b87/pyyaml-6.0.3-cp314-cp314t-manylinux2014_s390x.manylinux_2_17_s390x.manylinux_2_28_s390x.whl", hash = "sha256:a80cb027f6b349846a3bf6d73b5e95e782175e52f22108cfa17876aaeff93702", size = 861132, upload-time = "2025-09-25T21:32:50.149Z" },
    { url = "https://files.pythonhosted.org/packages/b1/5e/f77dc6b9036943e285ba76b49e118d9ea929885becb0a29ba8a7c75e29fe/pyyaml-6.0.3-cp314-cp314t-manylinux2014_x86_64.manylinux_2_17_x86_64.manylinux_2_28_x86_64.whl", hash = "sha256:00c4bdeba853cc34e7dd471f16b4114f4162dc03e6b7afcc2128711f0eca823c", size = 839261, upload-time = "2025-09-25T21:32:51.808Z" },
    { url = "https://files.pythonhosted.org/packages/ce/88/a9db1376aa2a228197c58b37302f284b5617f56a5d959fd1763fb1675ce6/pyyaml-6.0.3-cp314-cp314t-musllinux_1_2_aarch64.whl", hash = "sha256:66e1674c3ef6f541c35191caae2d429b967b99e02040f5ba928632d9a7f0f065", size = 805272, upload-time = "2025-09-25T21:32:52.941Z" },
    { url = "https://files.pythonhosted.org/packages/da/92/1446574745d74df0c92e6aa4a7b0b3130706a4142b2d1a5869f2eaa423c6/pyyaml-6.0.3-cp314-cp314t-musllinux_1_2_x86_64.whl", hash = "sha256:16249ee61e95f858e83976573de0f5b2893b3677ba71c9dd36b9cf8be9ac6d65", size = 829923, upload-time = "2025-09-25T21:32:54.537Z" },
    { url = "https://files.pythonhosted.org/packages/f0/7a/1c7270340330e575b92f397352af856a8c06f230aa3e76f86b39d01b416a/pyyaml-6.0.3-cp314-cp314t-win_amd64.whl", hash = "sha256:4ad1906908f2f5ae4e5a8ddfce73c320c2a1429ec52eafd27138b7f1cbe341c9", size = 174062, upload-time = "2025-09-25T21:32:55.767Z" },
    { url = "https://files.pythonhosted.org/packages/f1/12/de94a39c2ef588c7e6455cfbe7343d3b2dc9d6b6b2f40c4c6565744c873d/pyyaml-6.0.3-cp314-cp314t-win_arm64.whl", hash = "sha256:ebc55a14a21cb14062aa4162f906cd962b28e2e9ea38f9b4391244cd8de4ae0b", size = 149341, upload-time = "2025-09-25T21:32:56.828Z" },
]

[[package]]
name = "sqlparse"
version = "0.5.5"
source = { registry = "https://pypi.org/simple" }
sdist = { url = "https://files.pythonhosted.org/packages/90/76/437d71068094df0726366574cf3432a4ed754217b436eb7429415cf2d480/sqlparse-0.5.5.tar.gz", hash = "sha256:e20d4a9b0b8585fdf63b10d30066c7c94c5d7a7ec47c889a2d83a3caa93ff28e", size = 120815, upload-time = "2025-12-19T07:17:45.073Z" }
wheels = [
    { url = "https://files.pythonhosted.org/packages/49/4b/359f28a903c13438ef59ebeee215fb25da53066db67b305c125f1c6d2a25/sqlparse-0.5.5-py3-none-any.whl", hash = "sha256:12a08b3bf3eec877c519589833aed092e2444e68240a3577e8e26148acc7b1ba", size = 46138, upload-time = "2025-12-19T07:17:46.573Z" },
]

[[package]]
name = "tqdm"
version = "4.70.0"
source = { registry = "https://pypi.org/simple" }
dependencies = [
    { name = "colorama", marker = "sys_platform == 'win32'" },
]
sdist = { url = "https://files.pythonhosted.org/packages/21/3b/6c24bec5be5e743ffd99576daa5cc077722fc7d5bbc00bd133fa0c698dc6/tqdm-4.70.0.tar.gz", hash = "sha256:55b0b0dbd97462d06ebee91e4dac24ed4d4702be82b24f07e6c1d27e08cea220", size = 795438, upload-time = "2026-07-27T11:33:15.271Z" }
wheels = [
    { url = "https://files.pythonhosted.org/packages/f9/1c/01bfd571a64e7f270e6bab5e33777debe0edc56759233ce84f27dec92d14/tqdm-4.70.0-py3-none-any.whl", hash = "sha256:7f585706bfddbdebf89daac705b2dfcc16890130727d3197ca62c732b4310953", size = 80184, upload-time = "2026-07-27T11:33:13.167Z" },
]

[[package]]
name = "tzdata"
version = "2026.3"
source = { registry = "https://pypi.org/simple" }
sdist = { url = "https://files.pythonhosted.org/packages/92/ff/5a28bdfd8c3ebec42564ac7d0e54ca3db65044a9314a97f9564fa7a1e926/tzdata-2026.3.tar.gz", hash = "sha256:4a1518b8993086a7982523e071643f3c0e5f213e75b21318e78bcabfff9d1415", size = 198674, upload-time = "2026-07-10T08:50:37.887Z" }
wheels = [
    { url = "https://files.pythonhosted.org/packages/e5/6d/b53b99a9f2766d095985947a5782f1702cabb129a34f7a802d7197af832f/tzdata-2026.3-py2.py3-none-any.whl", hash = "sha256:dc096730c87af6cab1b171c9d532be840741ff5d459015e7f6947bd7d7e54931", size = 348168, upload-time = "2026-07-10T08:50:36.46Z" },
]

[[package]]
name = "watchfiles"
version = "1.2.0"
source = { registry = "https://pypi.org/simple" }
dependencies = [
    { name = "anyio" },
]
sdist = { url = "https://files.pythonhosted.org/packages/cd/41/5e1a4bb12aac5f1493fa1bdc11154eca3b258ca4eba65d39c473fe19d8e9/watchfiles-1.2.0.tar.gz", hash = "sha256:c995fba777f1ea992f090f9236e9284cf7a5d1a0130dd5a3d82c598cacd76838", size = 108252, upload-time = "2026-05-18T04:32:04.251Z" }
wheels = [
    { url = "https://files.pythonhosted.org/packages/e7/54/a9c7ea9a82a4ac65e7004c0a03920b5cdd2f9c3b678757d9cd425aa51d53/watchfiles-1.2.0-cp314-cp314-macosx_10_12_x86_64.whl", hash = "sha256:b8c8358484d5fa12ef34f05b7f4168eaf1932f408725ff6d023c33ec17bd79d4", size = 400205, upload-time = "2026-05-18T04:32:05.153Z" },
    { url = "https://files.pythonhosted.org/packages/aa/5d/c9ab3534374a4a67450696905d6ef16a04405448b8dc52bd752ae50423d4/watchfiles-1.2.0-cp314-cp314-macosx_11_0_arm64.whl", hash = "sha256:9f04b092229ad2c50126dd3c922c8822e51e605993764a33058d4a791ab42281", size = 392508, upload-time = "2026-05-18T04:30:54.849Z" },
    { url = "https://files.pythonhosted.org/packages/26/ca/1ad30103535cf0cecd7b993e8d50edc5351b1820e38f2d22e3df58962feb/watchfiles-1.2.0-cp314-cp314-manylinux_2_17_aarch64.manylinux2014_aarch64.whl", hash = "sha256:7a7ce236284f002a156f70add88efe5c70879cccbb658be0822c54b1306fc09d", size = 452448, upload-time = "2026-05-18T04:30:53.727Z" },
    { url = "https://files.pythonhosted.org/packages/37/a1/ceee2cdf2afbd715fa07758d39c9859513eae411b23196f7fd039e5feedd/watchfiles-1.2.0-cp314-cp314-manylinux_2_17_armv7l.manylinux2014_armv7l.whl", hash = "sha256:b9909cc2b48468b575eefa944919e1fe8a36c5849d5c7c168f80a8c1db69398e", size = 459605, upload-time = "2026-05-18T04:30:23.312Z" },
    { url = "https://files.pythonhosted.org/packages/e8/f6/421e30fd1cb3907a84ed92ab3f1983e37ba2dca015e9a894a048418417a2/watchfiles-1.2.0-cp314-cp314-manylinux_2_17_i686.manylinux2014_i686.whl", hash = "sha256:0a37faaed405c67e28e6be45a1fa4f206ef5a2860f27c237db9fa30704c38242", size = 490757, upload-time = "2026-05-18T04:30:47.358Z" },
    { url = "https://files.pythonhosted.org/packages/41/b0/55ed1b97ed08be7bba6f9a541cac15f2a858e1d74d2b07b6da70a82aab00/watchfiles-1.2.0-cp314-cp314-manylinux_2_17_ppc64le.manylinux2014_ppc64le.whl", hash = "sha256:9649193aa27bd9ff2e80ff29bfaa93085496c7a3a377592823cc58b77ee88add", size = 568672, upload-time = "2026-05-18T04:30:38.915Z" },
    { url = "https://files.pythonhosted.org/packages/d1/cf/d8ae8a80dd7bafab395ea7681c10237311bbf34d37704a8c744e7cf31fc7/watchfiles-1.2.0-cp314-cp314-manylinux_2_17_s390x.manylinux2014_s390x.whl", hash = "sha256:4e4ff8e37f99cf1da89e255e07c9c4b37c214038c4283707bdec308cb1b0ea1f", size = 464197, upload-time = "2026-05-18T04:30:09.914Z" },
    { url = "https://files.pythonhosted.org/packages/7c/8a/3076c496ca8dafe0e8cd03fcebdfc47be4b1174b4e5b24ff6e396e6b3af2/watchfiles-1.2.0-cp314-cp314-manylinux_2_17_x86_64.manylinux2014_x86_64.whl", hash = "sha256:054dc20fd2e3132b4c3883b4a00d72fd6e1f56fdaf89fccd12e8057d74cd74d7", size = 453181, upload-time = "2026-05-18T04:30:14.829Z" },
    { url = "https://files.pythonhosted.org/packages/e5/10/9745e17c98e7b8a86454df0a3c7b5686bd650383f1e9f26e4ebcbd6cc0c0/watchfiles-1.2.0-cp314-cp314-manylinux_2_31_riscv64.whl", hash = "sha256:e140ed30ebde76796b686e67c182cff10ea2fbab186fafd1560f74bb5a473a6e", size = 465109, upload-time = "2026-05-18T04:30:28.123Z" },
    { url = "https://files.pythonhosted.org/packages/8f/95/8ef4a95481d3e0cb52d62a06fa6e972e81424be2d9698b91a2fecca9904c/watchfiles-1.2.0-cp314-cp314-musllinux_1_1_aarch64.whl", hash = "sha256:bb7e52ecf68ba46d22df23467b87cffeb2146908aa523ebfe803019618cfda06", size = 630653, upload-time = "2026-05-18T04:31:49.304Z" },
    { url = "https://files.pythonhosted.org/packages/fd/e4/3b3bf36b0f829b50c6ebcb8d031583863c59f923d6a6af3d485e470d0fac/watchfiles-1.2.0-cp314-cp314-musllinux_1_1_x86_64.whl", hash = "sha256:23282a321c8baf9b3a3c4afff673f9fe65eb7fdc2338d765ccad9d3d1916a5ba", size = 657838, upload-time = "2026-05-18T04:31:06.497Z" },
    { url = "https://files.pythonhosted.org/packages/21/b1/6cbbb50c1f3002ab568777d44aa21206dfb8807a840990c4037523b51812/watchfiles-1.2.0-cp314-cp314-win32.whl", hash = "sha256:c0db965c5f79aa49fe672d297cf1febc5ad149b658594944f49a54a2b96270a7", size = 275108, upload-time = "2026-05-18T04:30:06.891Z" },
    { url = "https://files.pythonhosted.org/packages/92/45/190ce6db8dcb4536682cf75d3889ff1a27182a58cb519d343cb6d9ea63d8/watchfiles-1.2.0-cp314-cp314-win_amd64.whl", hash = "sha256:71283b39fd17e5408eb123bd37aeecfd9d54c81fc184421943208aadb879d103", size = 288441, upload-time = "2026-05-18T04:32:12.901Z" },
    { url = "https://files.pythonhosted.org/packages/74/0d/3eae1c2313ab08378431d907c3f8095ecca00f3eda33111cf4f0f2591799/watchfiles-1.2.0-cp314-cp314-win_arm64.whl", hash = "sha256:c5c19526f4e54a00f2666a6c0e9e40d582c09e865055ea7378bf0009aab857b3", size = 280684, upload-time = "2026-05-18T04:31:26.902Z" },
    { url = "https://files.pythonhosted.org/packages/b1/75/fb64e6c25d6b5ca636d03df34ffb1c6e9873303e76d27967e045f8df088f/watchfiles-1.2.0-cp314-cp314t-macosx_10_12_x86_64.whl", hash = "sha256:d73a585accffa5ae39c17264c36ec3166d2fad7000c780f5ef83b2722afb9dd2", size = 398857, upload-time = "2026-05-18T04:32:17.108Z" },
    { url = "https://files.pythonhosted.org/packages/73/4e/9f7adf01754cbf81843722ccfec169d8f26c69778281a302855cecd2ee08/watchfiles-1.2.0-cp314-cp314t-macosx_11_0_arm64.whl", hash = "sha256:ae99b14c5f21e026e0e9d96f40e07d8570ebee6cafd9d8fc318354606daa7a28", size = 392413, upload-time = "2026-05-18T04:31:07.911Z" },
    { url = "https://files.pythonhosted.org/packages/47/c8/bec626bcc2d69f44b9acb24ce7d60ed7b16b73628eea747fcbd169d8edda/watchfiles-1.2.0-cp314-cp314t-manylinux_2_17_aarch64.manylinux2014_aarch64.whl", hash = "sha256:4429f3b105524a10b72c3a819b091c495d2811d419c1e1e8df773a5a5974f831", size = 452409, upload-time = "2026-05-18T04:31:20.142Z" },
    { url = "https://files.pythonhosted.org/packages/00/b7/b6362068e81e7c556d155a34c35d40ac3ef42d747b06d7f6e5bf58e359c2/watchfiles-1.2.0-cp314-cp314t-manylinux_2_17_armv7l.manylinux2014_armv7l.whl", hash = "sha256:43d818978d06062d9b22c4fab2ebe44cf5213d42dc8e62bda8c2760cfa2eeb33", size = 458827, upload-time = "2026-05-18T04:32:06.219Z" },
    { url = "https://files.pythonhosted.org/packages/67/f8/9a813fa42afb1e0b4625e75f0479826644d3ee8dc287e093799bc01f390c/watchfiles-1.2.0-cp314-cp314t-manylinux_2_17_i686.manylinux2014_i686.whl", hash = "sha256:b9f732dc58b2dbe69e464ccf8fff7a03b0dd0be439da4c0720d3558527d3d6b4", size = 490104, upload-time = "2026-05-18T04:31:56.034Z" },
    { url = "https://files.pythonhosted.org/packages/2f/bf/27dfb6094ca4c9aad21298b5525b6c53cb36121ee454331d05161e58d130/watchfiles-1.2.0-cp314-cp314t-manylinux_2_17_ppc64le.manylinux2014_ppc64le.whl", hash = "sha256:8f200104103feb097de4cab8fe4f5dd18a2026934c7dea98c55a2f5fd6d5a33b", size = 571360, upload-time = "2026-05-18T04:31:57.133Z" },
    { url = "https://files.pythonhosted.org/packages/fb/39/44a096d67270ea93df91d33877dbe91fbda3aa4f8ec2edf799d93eda8736/watchfiles-1.2.0-cp314-cp314t-manylinux_2_17_s390x.manylinux2014_s390x.whl", hash = "sha256:63ac26eefbf4af1741247d6fb68b11c49a25b2f7413fbd318a83a12aaa9cf666", size = 464644, upload-time = "2026-05-18T04:30:57.33Z" },
    { url = "https://files.pythonhosted.org/packages/0e/80/c7472203bad6268e3ef1ad260739704847898938ad7ea8b63a5131f46b50/watchfiles-1.2.0-cp314-cp314t-manylinux_2_17_x86_64.manylinux2014_x86_64.whl", hash = "sha256:0c4997d4e4a55f0d02b6cde327322daf3a0400e5df6c6b15948994bf72497925", size = 454771, upload-time = "2026-05-18T04:30:48.736Z" },
    { url = "https://files.pythonhosted.org/packages/51/cf/3b10b268b4b7f0fc26e9debb5eef1998b515887840f444cd3ec80c688755/watchfiles-1.2.0-cp314-cp314t-manylinux_2_31_riscv64.whl", hash = "sha256:4c887eba18b7945ac73067a8b4a66f21cd46c2539b2bc68588f7be6c7eb6d26b", size = 463494, upload-time = "2026-05-18T04:31:33.826Z" },
    { url = "https://files.pythonhosted.org/packages/3d/3e/a4302545cd589262a0dc7d140e86f7688eba3f9c72776c27f7e23b8864c4/watchfiles-1.2.0-cp314-cp314t-musllinux_1_1_aarch64.whl", hash = "sha256:3416ff151bb6b5a8d8d11664974fbef4d9305b9b2957839ab5a270468fd8df30", size = 629383, upload-time = "2026-05-18T04:31:15.596Z" },
    { url = "https://files.pythonhosted.org/packages/db/99/d5649df0a9a410d45b7c882304d0b790903ac9b6e8f2cfd12114e0c6b9f2/watchfiles-1.2.0-cp314-cp314t-musllinux_1_1_x86_64.whl", hash = "sha256:0e831a271c035d89789cffc386b6aa1375f39f1cd25eb7ca0997e4970d152fc5", size = 656093, upload-time = "2026-05-18T04:31:58.707Z" },
    { url = "https://files.pythonhosted.org/packages/92/b9/362702539275019a54dd2e94511b31a9b89c5f9e6a21966de7eb692549fc/watchfiles-1.2.0-cp315-cp315-macosx_10_12_x86_64.whl", hash = "sha256:37a6721cdf3f65dbb13aa9503510ccb4451603ac837e44d265d7992a597e1374", size = 400109, upload-time = "2026-05-18T04:31:16.879Z" },
    { url = "https://files.pythonhosted.org/packages/8f/75/71d5ba62db781e5587bded1d944c675374bc4aa37ff33d5018d98e8b6538/watchfiles-1.2.0-cp315-cp315-macosx_11_0_arm64.whl", hash = "sha256:2b37d10b5a63bd4d87e18472d80fa525bd670586fae62e5dd580452764879b65", size = 392167, upload-time = "2026-05-18T04:31:28.058Z" },
    { url = "https://files.pythonhosted.org/packages/3c/01/c66dd95d0423fe30d31820e2d1d5bda773764131bbb6ac0cb1cf303ac328/watchfiles-1.2.0-cp315-cp315-manylinux_2_17_aarch64.manylinux2014_aarch64.whl", hash = "sha256:0a105bc2283f67e8fbec74253ec2d94925de92ed72c0393f1206bf326b7b7b69", size = 452372, upload-time = "2026-05-18T04:31:00.836Z" },
    { url = "https://files.pythonhosted.org/packages/91/15/2fe99557e72f85627c6a8eed50d889e8d101623e060a22ad75b875cb932d/watchfiles-1.2.0-cp315-cp315-manylinux_2_17_armv7l.manylinux2014_armv7l.whl", hash = "sha256:5327989a465505f05cfe06f04fa9d0c2fd5432bb243e10e6f012b1bdca3c8579", size = 459596, upload-time = "2026-05-18T04:31:34.96Z" },
    { url = "https://files.pythonhosted.org/packages/ed/23/d4acfa0023367428ed48351b3b9b267893037b6cadae55620c61c24bcfd4/watchfiles-1.2.0-cp315-cp315-manylinux_2_17_i686.manylinux2014_i686.whl", hash = "sha256:ecb47f183a8025b2aa18b546725c3657e542112ae9c0613a2af79b4fa8d04ad7", size = 490869, upload-time = "2026-05-18T04:31:59.923Z" },
    { url = "https://files.pythonhosted.org/packages/a4/5f/3164cbdce06c9fb95c4f7b9e2f9760b5e2797af43a9ecc317ef42a23a278/watchfiles-1.2.0-cp315-cp315-manylinux_2_17_ppc64le.manylinux2014_ppc64le.whl", hash = "sha256:8520a4ab0e37f770afc34459c4f8f7019e153f9124dc101c15538365875d1ab2", size = 571641, upload-time = "2026-05-18T04:32:00.948Z" },
    { url = "https://files.pythonhosted.org/packages/41/e6/85d3731c55e65cd7690f3f803d24c139588aaf863e4bf2148fe7a7fa1a19/watchfiles-1.2.0-cp315-cp315-manylinux_2_17_s390x.manylinux2014_s390x.whl", hash = "sha256:71cd71740ed2c15211ebb237ced4e39a1cdf6f80566e5fe95428da1626f4fde6", size = 464444, upload-time = "2026-05-18T04:30:34.298Z" },
    { url = "https://files.pythonhosted.org/packages/f4/7d/562641012b8b09872742c3b8adf9629ec479fd78f8d68ae4a0c13da8add6/watchfiles-1.2.0-cp315-cp315-manylinux_2_17_x86_64.manylinux2014_x86_64.whl", hash = "sha256:f88af53d6ddaf72179ef613ddc905e6f4785f712b49b80b3bef9f3525e6194b4", size = 453593, upload-time = "2026-05-18T04:31:23.464Z" },
    { url = "https://files.pythonhosted.org/packages/56/fe/cb8ef3d6f929d14158fdaaad9925985b7310abc9384dcd4d82dd0016fb59/watchfiles-1.2.0-cp315-cp315-manylinux_2_31_riscv64.whl", hash = "sha256:cee9d5efd929efdac5f7e58f72b3376f676b64050a91c5b99a7094c5b2317488", size = 465096, upload-time = "2026-05-18T04:31:30.384Z" },
    { url = "https://files.pythonhosted.org/packages/25/91/80908e835e100527a9267147b08c0eee1fa6ab0ffec15edc04d1d44885f7/watchfiles-1.2.0-cp315-cp315-musllinux_1_1_aarch64.whl", hash = "sha256:b718bf356bbc15e559bd8ef41782b573b8ae0e3f177ab244b440568d7ea02cfb", size = 630638, upload-time = "2026-05-18T04:30:49.89Z" },
    { url = "https://files.pythonhosted.org/packages/46/4b/95ab2f256bb4af3cb2eb23b9317bda984ee6e0f11733a5c004a6c95b06e3/watchfiles-1.2.0-cp315-cp315-musllinux_1_1_x86_64.whl", hash = "sha256:922c0e019fe68b3ae392965a766b02a71ba1168c932cebc3733cd52c5fe5b377", size = 657684, upload-time = "2026-05-18T04:31:32.027Z" },
]
